// !$*UTF8*$!
{
	archiveVersion = 1;
	classes = {
	};
	objectVersion = 46;
	objects = {

/* Begin PBXBuildFile section */
		93015BF720124BBB0001FDD5 /* DoraFoodTableViewCell.m in Sources */ = {isa = PBXBuildFile; fileRef = 93015BF620124BBB0001FDD5 /* DoraFoodTableViewCell.m */; };
		9340ABA0204C102800EEFBD0 /* DoraChartsHeaderBridge.swift in Sources */ = {isa = PBXBuildFile; fileRef = 9340AB9F204C102800EEFBD0 /* DoraChartsHeaderBridge.swift */; };
		9340ABAF204C2CA400EEFBD0 /* DayAxisValueFormatter.m in Sources */ = {isa = PBXBuildFile; fileRef = 9340ABAD204C2CA400EEFBD0 /* DayAxisValueFormatter.m */; };
		9350351B20446570001331D0 /* DoraPersonalHistory.m in Sources */ = {isa = PBXBuildFile; fileRef = 9350351620446570001331D0 /* DoraPersonalHistory.m */; };
		9350351C20446570001331D0 /* DoraPersonalProfile.m in Sources */ = {isa = PBXBuildFile; fileRef = 9350351820446570001331D0 /* DoraPersonalProfile.m */; };
		9350351D20446570001331D0 /* DoraPersonalSuggestion.m in Sources */ = {isa = PBXBuildFile; fileRef = 9350351920446570001331D0 /* DoraPersonalSuggestion.m */; };
		9392500B205D6E3800A51575 /* DoraPersonalDataModel.m in Sources */ = {isa = PBXBuildFile; fileRef = 9392500A205D6E3800A51575 /* DoraPersonalDataModel.m */; };
		93F10F23201309470012E14B /* DoraPersonalTableCell.m in Sources */ = {isa = PBXBuildFile; fileRef = 93F10F22201309470012E14B /* DoraPersonalTableCell.m */; };
		C601E2122011C50A001147DF /* DoraExericiseTableViewCellButton.m in Sources */ = {isa = PBXBuildFile; fileRef = C601E2112011C50A001147DF /* DoraExericiseTableViewCellButton.m */; };
		C601E21520121C24001147DF /* DoraFoodViewController.m in Sources */ = {isa = PBXBuildFile; fileRef = C601E21420121C24001147DF /* DoraFoodViewController.m */; };
		C601E21820121FAB001147DF /* DoraFoodTableSectionData.m in Sources */ = {isa = PBXBuildFile; fileRef = C601E21720121FAB001147DF /* DoraFoodTableSectionData.m */; };
		C601E21B20121FC1001147DF /* DoraFoodTableCellData.m in Sources */ = {isa = PBXBuildFile; fileRef = C601E21A20121FC1001147DF /* DoraFoodTableCellData.m */; };
		C60AA878200F344700967176 /* DoraRecomFoodContentWrapperView.m in Sources */ = {isa = PBXBuildFile; fileRef = C60AA877200F344700967176 /* DoraRecomFoodContentWrapperView.m */; };
		C60AA87B200F776800967176 /* DoraExerciseViewController.m in Sources */ = {isa = PBXBuildFile; fileRef = C60AA87A200F776800967176 /* DoraExerciseViewController.m */; };
		C6265B8D2010AC40006F5D55 /* DoraExerciseTableViewCell.m in Sources */ = {isa = PBXBuildFile; fileRef = C6265B8C2010AC40006F5D55 /* DoraExerciseTableViewCell.m */; };
		C6265B902010E5AA006F5D55 /* DoraExerciseTableSectionData.m in Sources */ = {isa = PBXBuildFile; fileRef = C6265B8F2010E5AA006F5D55 /* DoraExerciseTableSectionData.m */; };
		C6265B932010E65E006F5D55 /* DoraExerciseTableCellData.m in Sources */ = {isa = PBXBuildFile; fileRef = C6265B922010E65E006F5D55 /* DoraExerciseTableCellData.m */; };
		C6265B992010E6DA006F5D55 /* DoraExerciseTableCellButtonData.m in Sources */ = {isa = PBXBuildFile; fileRef = C6265B982010E6DA006F5D55 /* DoraExerciseTableCellButtonData.m */; };
		C62E41BC204398CB00275D0A /* UITextField+DoraLoginInput.m in Sources */ = {isa = PBXBuildFile; fileRef = C62E41BB204398CB00275D0A /* UITextField+DoraLoginInput.m */; };
		C62E41C22043A9E900275D0A /* NSString+MD5.m in Sources */ = {isa = PBXBuildFile; fileRef = C62E41C12043A9E900275D0A /* NSString+MD5.m */; };
		C62E41C52043AD5600275D0A /* DoraLoginNetWorking.m in Sources */ = {isa = PBXBuildFile; fileRef = C62E41C42043AD5600275D0A /* DoraLoginNetWorking.m */; };
		C62E41C82043C17A00275D0A /* DoraSigninInfoViewController.m in Sources */ = {isa = PBXBuildFile; fileRef = C62E41C72043C17A00275D0A /* DoraSigninInfoViewController.m */; };
		C62E41CE2043E91C00275D0A /* UIView+DoraLoginGetInfoQueView.m in Sources */ = {isa = PBXBuildFile; fileRef = C62E41CD2043E91C00275D0A /* UIView+DoraLoginGetInfoQueView.m */; };
		C63EC77620427E7D00C70D24 /* DoraLoginViewController.m in Sources */ = {isa = PBXBuildFile; fileRef = C63EC77520427E7D00C70D24 /* DoraLoginViewController.m */; };
		C63EC77920428A2900C70D24 /* UIButton+DoraLoginButtonView.m in Sources */ = {isa = PBXBuildFile; fileRef = C63EC77820428A2900C70D24 /* UIButton+DoraLoginButtonView.m */; };
		C63EC77C20428F4C00C70D24 /* DoraLoginSubViewController.m in Sources */ = {isa = PBXBuildFile; fileRef = C63EC77B20428F4C00C70D24 /* DoraLoginSubViewController.m */; };
		C63EC782204292D900C70D24 /* DoraSignInViewController.m in Sources */ = {isa = PBXBuildFile; fileRef = C63EC781204292D900C70D24 /* DoraSignInViewController.m */; };
		C65D0C742008DD74007BF294 /* UIScrollView+DoraScrollUI.m in Sources */ = {isa = PBXBuildFile; fileRef = C65D0C732008DD74007BF294 /* UIScrollView+DoraScrollUI.m */; };
		C65D0C7A200C7889007BF294 /* UIView+DoraViewUI.m in Sources */ = {isa = PBXBuildFile; fileRef = C65D0C79200C7889007BF294 /* UIView+DoraViewUI.m */; };
		C65D0C7D200C7F5E007BF294 /* DoraExercisePointView.m in Sources */ = {isa = PBXBuildFile; fileRef = C65D0C7C200C7F5E007BF294 /* DoraExercisePointView.m */; };
		C65D0C80200CD7D0007BF294 /* UIButton+DoraButtonUI.m in Sources */ = {isa = PBXBuildFile; fileRef = C65D0C7F200CD7D0007BF294 /* UIButton+DoraButtonUI.m */; };
		C68BA783200E32A70092DAC4 /* DoraRecomFoodUnitView.m in Sources */ = {isa = PBXBuildFile; fileRef = C68BA782200E32A70092DAC4 /* DoraRecomFoodUnitView.m */; };
		C6A49A612069023700405B39 /* DoraExerciseButtonWrapper.m in Sources */ = {isa = PBXBuildFile; fileRef = C6A49A602069023700405B39 /* DoraExerciseButtonWrapper.m */; };
		C6A49A66206915D100405B39 /* DoraExerciseActionShowController.m in Sources */ = {isa = PBXBuildFile; fileRef = C6A49A65206915D100405B39 /* DoraExerciseActionShowController.m */; };
		C6B67FD6204FCEB50090CD1D /* DoraExerciseRecomViewController.m in Sources */ = {isa = PBXBuildFile; fileRef = C6B67FD5204FCEB50090CD1D /* DoraExerciseRecomViewController.m */; };
		C6BA1B4D2000C3A100F163B8 /* DoraUIRecomBonus.m in Sources */ = {isa = PBXBuildFile; fileRef = C6BA1B4C2000C3A100F163B8 /* DoraUIRecomBonus.m */; };
		C6BA1B512000C79C00F163B8 /* UIImageView+ImageViewUI.m in Sources */ = {isa = PBXBuildFile; fileRef = C6BA1B502000C79C00F163B8 /* UIImageView+ImageViewUI.m */; };
		C6BE9DBB1FD9173B00569EC9 /* main.m in Sources */ = {isa = PBXBuildFile; fileRef = C6BE9DBA1FD9173B00569EC9 /* main.m */; };
		C6BE9DBE1FD9173B00569EC9 /* AppDelegate.m in Sources */ = {isa = PBXBuildFile; fileRef = C6BE9DBD1FD9173B00569EC9 /* AppDelegate.m */; };
		C6BE9DC41FD9173B00569EC9 /* Main.storyboard in Resources */ = {isa = PBXBuildFile; fileRef = C6BE9DC21FD9173B00569EC9 /* Main.storyboard */; };
		C6BE9DC61FD9173B00569EC9 /* Assets.xcassets in Resources */ = {isa = PBXBuildFile; fileRef = C6BE9DC51FD9173B00569EC9 /* Assets.xcassets */; };
		C6BE9DC91FD9173B00569EC9 /* LaunchScreen.storyboard in Resources */ = {isa = PBXBuildFile; fileRef = C6BE9DC71FD9173B00569EC9 /* LaunchScreen.storyboard */; };
		C6BE9DD41FD9173B00569EC9 /* SweetyFitTests.m in Sources */ = {isa = PBXBuildFile; fileRef = C6BE9DD31FD9173B00569EC9 /* SweetyFitTests.m */; };
		C6BE9DDF1FD9173B00569EC9 /* SweetyFitUITests.m in Sources */ = {isa = PBXBuildFile; fileRef = C6BE9DDE1FD9173B00569EC9 /* SweetyFitUITests.m */; };
		C6BE9E021FDBA77200569EC9 /* DoraRootNavigationViewController.m in Sources */ = {isa = PBXBuildFile; fileRef = C6BE9E011FDBA77200569EC9 /* DoraRootNavigationViewController.m */; };
		C6BE9E0C1FDF8BAA00569EC9 /* DoraRecomViewController.m in Sources */ = {isa = PBXBuildFile; fileRef = C6BE9E0B1FDF8BAA00569EC9 /* DoraRecomViewController.m */; };
		C6BE9E151FDFABBA00569EC9 /* DoraPersonalViewController.m in Sources */ = {isa = PBXBuildFile; fileRef = C6BE9E141FDFABBA00569EC9 /* DoraPersonalViewController.m */; };
		C6C6BD221FED3BC9001A98B2 /* DoraUIScrollViewRecomWrapper.m in Sources */ = {isa = PBXBuildFile; fileRef = C6C6BD211FED3BC9001A98B2 /* DoraUIScrollViewRecomWrapper.m */; };
		C6E0806720526EE000E72F1B /* DoraExerciseDataViewController.m in Sources */ = {isa = PBXBuildFile; fileRef = C6E0806620526EE000E72F1B /* DoraExerciseDataViewController.m */; };
		C6E4788F2004B78D00B2C624 /* AVKit.framework in Frameworks */ = {isa = PBXBuildFile; fileRef = C6E4788E2004B78D00B2C624 /* AVKit.framework */; };
		C6E478912004B7A600B2C624 /* ImageIO.framework in Frameworks */ = {isa = PBXBuildFile; fileRef = C6E478902004B7A600B2C624 /* ImageIO.framework */; };
		C6E478932004B7D100B2C624 /* MapKit.framework in Frameworks */ = {isa = PBXBuildFile; fileRef = C6E478922004B7D100B2C624 /* MapKit.framework */; };
		C6E63F8220517B64004FBA34 /* DoraFoodRecomViewController.m in Sources */ = {isa = PBXBuildFile; fileRef = C6E63F8120517B64004FBA34 /* DoraFoodRecomViewController.m */; };
		C6F2171A205B735B00BB0F60 /* DoraActionSettingView.m in Sources */ = {isa = PBXBuildFile; fileRef = C6F21719205B735B00BB0F60 /* DoraActionSettingView.m */; };
		C6F21DE620523734001A521B /* HealthKit.framework in Frameworks */ = {isa = PBXBuildFile; fileRef = C6F21DE520523734001A521B /* HealthKit.framework */; };
		C6FB2FBF1FFF688D000E194A /* UILabel+TextUI.m in Sources */ = {isa = PBXBuildFile; fileRef = C6FB2FBE1FFF688D000E194A /* UILabel+TextUI.m */; };
		D94D7FB4FA6E90EAB64EE1FE /* Pods_SweetyFit.framework in Frameworks */ = {isa = PBXBuildFile; fileRef = 1C20F9D4FDF9EC8DB2512214 /* Pods_SweetyFit.framework */; };
/* End PBXBuildFile section */

/* Begin PBXContainerItemProxy section */
		9340ABA6204C113400EEFBD0 /* PBXContainerItemProxy */ = {
			isa = PBXContainerItemProxy;
			containerPortal = 9340ABA1204C113400EEFBD0 /* Charts.xcodeproj */;
			proxyType = 2;
			remoteGlobalIDString = 65AD9E95D9ED4DC0BD73A743;
			remoteInfo = Charts;
		};
		9340ABA8204C113400EEFBD0 /* PBXContainerItemProxy */ = {
			isa = PBXContainerItemProxy;
			containerPortal = 9340ABA1204C113400EEFBD0 /* Charts.xcodeproj */;
			proxyType = 2;
			remoteGlobalIDString = 1CBBC58C6CE1EBEE9852CE41;
			remoteInfo = ChartsTests;
		};
		C6BE9DD01FD9173B00569EC9 /* PBXContainerItemProxy */ = {
			isa = PBXContainerItemProxy;
			containerPortal = C6BE9DAE1FD9173A00569EC9 /* Project object */;
			proxyType = 1;
			remoteGlobalIDString = C6BE9DB51FD9173B00569EC9;
			remoteInfo = SweetyFit;
		};
		C6BE9DDB1FD9173B00569EC9 /* PBXContainerItemProxy */ = {
			isa = PBXContainerItemProxy;
			containerPortal = C6BE9DAE1FD9173A00569EC9 /* Project object */;
			proxyType = 1;
			remoteGlobalIDString = C6BE9DB51FD9173B00569EC9;
			remoteInfo = SweetyFit;
		};
/* End PBXContainerItemProxy section */

/* Begin PBXCopyFilesBuildPhase section */
		9340AB9D204C0FD400EEFBD0 /* Embed Frameworks */ = {
			isa = PBXCopyFilesBuildPhase;
			buildActionMask = 2147483647;
			dstPath = "";
			dstSubfolderSpec = 10;
			files = (
			);
			name = "Embed Frameworks";
			runOnlyForDeploymentPostprocessing = 0;
		};
/* End PBXCopyFilesBuildPhase section */

/* Begin PBXFileReference section */
		1C20F9D4FDF9EC8DB2512214 /* Pods_SweetyFit.framework */ = {isa = PBXFileReference; explicitFileType = wrapper.framework; includeInIndex = 0; path = Pods_SweetyFit.framework; sourceTree = BUILT_PRODUCTS_DIR; };
		4477141D17F1DC1C5560779E /* Pods-SweetyFit.debug.xcconfig */ = {isa = PBXFileReference; includeInIndex = 1; lastKnownFileType = text.xcconfig; name = "Pods-SweetyFit.debug.xcconfig"; path = "Pods/Target Support Files/Pods-SweetyFit/Pods-SweetyFit.debug.xcconfig"; sourceTree = "<group>"; };
		93015BF520124B8E0001FDD5 /* DoraFoodTableViewCell.h */ = {isa = PBXFileReference; lastKnownFileType = sourcecode.c.h; path = DoraFoodTableViewCell.h; sourceTree = "<group>"; };
		93015BF620124BBB0001FDD5 /* DoraFoodTableViewCell.m */ = {isa = PBXFileReference; lastKnownFileType = sourcecode.c.objc; path = DoraFoodTableViewCell.m; sourceTree = "<group>"; };
		9340AB9E204C102800EEFBD0 /* SweetyFit-Bridging-Header.h */ = {isa = PBXFileReference; lastKnownFileType = sourcecode.c.h; path = "SweetyFit-Bridging-Header.h"; sourceTree = "<group>"; };
		9340AB9F204C102800EEFBD0 /* DoraChartsHeaderBridge.swift */ = {isa = PBXFileReference; lastKnownFileType = sourcecode.swift; path = DoraChartsHeaderBridge.swift; sourceTree = "<group>"; };
		9340ABA1204C113400EEFBD0 /* Charts.xcodeproj */ = {isa = PBXFileReference; lastKnownFileType = "wrapper.pb-project"; path = Charts.xcodeproj; sourceTree = "<group>"; };
		9340ABAD204C2CA400EEFBD0 /* DayAxisValueFormatter.m */ = {isa = PBXFileReference; fileEncoding = 4; lastKnownFileType = sourcecode.c.objc; path = DayAxisValueFormatter.m; sourceTree = "<group>"; };
		9340ABAE204C2CA400EEFBD0 /* DayAxisValueFormatter.h */ = {isa = PBXFileReference; fileEncoding = 4; lastKnownFileType = sourcecode.c.h; path = DayAxisValueFormatter.h; sourceTree = "<group>"; };
		935035152044656F001331D0 /* DoraPersonalProfile.h */ = {isa = PBXFileReference; fileEncoding = 4; lastKnownFileType = sourcecode.c.h; path = DoraPersonalProfile.h; sourceTree = "<group>"; };
		9350351620446570001331D0 /* DoraPersonalHistory.m */ = {isa = PBXFileReference; fileEncoding = 4; lastKnownFileType = sourcecode.c.objc; path = DoraPersonalHistory.m; sourceTree = "<group>"; };
		9350351720446570001331D0 /* DoraPersonalHistory.h */ = {isa = PBXFileReference; fileEncoding = 4; lastKnownFileType = sourcecode.c.h; path = DoraPersonalHistory.h; sourceTree = "<group>"; };
		9350351820446570001331D0 /* DoraPersonalProfile.m */ = {isa = PBXFileReference; fileEncoding = 4; lastKnownFileType = sourcecode.c.objc; path = DoraPersonalProfile.m; sourceTree = "<group>"; };
		9350351920446570001331D0 /* DoraPersonalSuggestion.m */ = {isa = PBXFileReference; fileEncoding = 4; lastKnownFileType = sourcecode.c.objc; path = DoraPersonalSuggestion.m; sourceTree = "<group>"; };
		9350351A20446570001331D0 /* DoraPersonalSuggestion.h */ = {isa = PBXFileReference; fileEncoding = 4; lastKnownFileType = sourcecode.c.h; path = DoraPersonalSuggestion.h; sourceTree = "<group>"; };
		93925009205D6E1A00A51575 /* DoraPersonalDataModel.h */ = {isa = PBXFileReference; lastKnownFileType = sourcecode.c.h; path = DoraPersonalDataModel.h; sourceTree = "<group>"; };
		9392500A205D6E3800A51575 /* DoraPersonalDataModel.m */ = {isa = PBXFileReference; fileEncoding = 4; lastKnownFileType = sourcecode.c.objc; path = DoraPersonalDataModel.m; sourceTree = "<group>"; };
		93F10F1D2013039C0012E14B /* DoraCommonHeader.h */ = {isa = PBXFileReference; lastKnownFileType = sourcecode.c.h; path = DoraCommonHeader.h; sourceTree = "<group>"; };
		93F10F22201309470012E14B /* DoraPersonalTableCell.m */ = {isa = PBXFileReference; lastKnownFileType = sourcecode.c.objc; path = DoraPersonalTableCell.m; sourceTree = "<group>"; };
		93F10F242013095A0012E14B /* DoraPersonalTableCell.h */ = {isa = PBXFileReference; lastKnownFileType = sourcecode.c.h; path = DoraPersonalTableCell.h; sourceTree = "<group>"; };
		C601E2102011C50A001147DF /* DoraExericiseTableViewCellButton.h */ = {isa = PBXFileReference; lastKnownFileType = sourcecode.c.h; path = DoraExericiseTableViewCellButton.h; sourceTree = "<group>"; };
		C601E2112011C50A001147DF /* DoraExericiseTableViewCellButton.m */ = {isa = PBXFileReference; lastKnownFileType = sourcecode.c.objc; path = DoraExericiseTableViewCellButton.m; sourceTree = "<group>"; };
		C601E21320121C24001147DF /* DoraFoodViewController.h */ = {isa = PBXFileReference; lastKnownFileType = sourcecode.c.h; path = DoraFoodViewController.h; sourceTree = "<group>"; };
		C601E21420121C24001147DF /* DoraFoodViewController.m */ = {isa = PBXFileReference; lastKnownFileType = sourcecode.c.objc; path = DoraFoodViewController.m; sourceTree = "<group>"; };
		C601E21620121FAB001147DF /* DoraFoodTableSectionData.h */ = {isa = PBXFileReference; lastKnownFileType = sourcecode.c.h; path = DoraFoodTableSectionData.h; sourceTree = "<group>"; };
		C601E21720121FAB001147DF /* DoraFoodTableSectionData.m */ = {isa = PBXFileReference; lastKnownFileType = sourcecode.c.objc; path = DoraFoodTableSectionData.m; sourceTree = "<group>"; };
		C601E21920121FC1001147DF /* DoraFoodTableCellData.h */ = {isa = PBXFileReference; lastKnownFileType = sourcecode.c.h; path = DoraFoodTableCellData.h; sourceTree = "<group>"; };
		C601E21A20121FC1001147DF /* DoraFoodTableCellData.m */ = {isa = PBXFileReference; lastKnownFileType = sourcecode.c.objc; path = DoraFoodTableCellData.m; sourceTree = "<group>"; };
		C60AA876200F344700967176 /* DoraRecomFoodContentWrapperView.h */ = {isa = PBXFileReference; lastKnownFileType = sourcecode.c.h; path = DoraRecomFoodContentWrapperView.h; sourceTree = "<group>"; };
		C60AA877200F344700967176 /* DoraRecomFoodContentWrapperView.m */ = {isa = PBXFileReference; lastKnownFileType = sourcecode.c.objc; path = DoraRecomFoodContentWrapperView.m; sourceTree = "<group>"; };
		C60AA879200F776800967176 /* DoraExerciseViewController.h */ = {isa = PBXFileReference; lastKnownFileType = sourcecode.c.h; path = DoraExerciseViewController.h; sourceTree = "<group>"; };
		C60AA87A200F776800967176 /* DoraExerciseViewController.m */ = {isa = PBXFileReference; lastKnownFileType = sourcecode.c.objc; path = DoraExerciseViewController.m; sourceTree = "<group>"; };
		C6265B8B2010AC40006F5D55 /* DoraExerciseTableViewCell.h */ = {isa = PBXFileReference; lastKnownFileType = sourcecode.c.h; path = DoraExerciseTableViewCell.h; sourceTree = "<group>"; };
		C6265B8C2010AC40006F5D55 /* DoraExerciseTableViewCell.m */ = {isa = PBXFileReference; lastKnownFileType = sourcecode.c.objc; path = DoraExerciseTableViewCell.m; sourceTree = "<group>"; };
		C6265B8E2010E5AA006F5D55 /* DoraExerciseTableSectionData.h */ = {isa = PBXFileReference; lastKnownFileType = sourcecode.c.h; path = DoraExerciseTableSectionData.h; sourceTree = "<group>"; };
		C6265B8F2010E5AA006F5D55 /* DoraExerciseTableSectionData.m */ = {isa = PBXFileReference; lastKnownFileType = sourcecode.c.objc; path = DoraExerciseTableSectionData.m; sourceTree = "<group>"; };
		C6265B912010E65E006F5D55 /* DoraExerciseTableCellData.h */ = {isa = PBXFileReference; lastKnownFileType = sourcecode.c.h; path = DoraExerciseTableCellData.h; sourceTree = "<group>"; };
		C6265B922010E65E006F5D55 /* DoraExerciseTableCellData.m */ = {isa = PBXFileReference; lastKnownFileType = sourcecode.c.objc; path = DoraExerciseTableCellData.m; sourceTree = "<group>"; };
		C6265B972010E6DA006F5D55 /* DoraExerciseTableCellButtonData.h */ = {isa = PBXFileReference; lastKnownFileType = sourcecode.c.h; path = DoraExerciseTableCellButtonData.h; sourceTree = "<group>"; };
		C6265B982010E6DA006F5D55 /* DoraExerciseTableCellButtonData.m */ = {isa = PBXFileReference; lastKnownFileType = sourcecode.c.objc; path = DoraExerciseTableCellButtonData.m; sourceTree = "<group>"; };
		C62E41BA204398CB00275D0A /* UITextField+DoraLoginInput.h */ = {isa = PBXFileReference; lastKnownFileType = sourcecode.c.h; path = "UITextField+DoraLoginInput.h"; sourceTree = "<group>"; };
		C62E41BB204398CB00275D0A /* UITextField+DoraLoginInput.m */ = {isa = PBXFileReference; lastKnownFileType = sourcecode.c.objc; path = "UITextField+DoraLoginInput.m"; sourceTree = "<group>"; };
		C62E41BD20439FD200275D0A /* DoraLoginHeader.h */ = {isa = PBXFileReference; lastKnownFileType = sourcecode.c.h; path = DoraLoginHeader.h; sourceTree = "<group>"; };
		C62E41BE2043A0E200275D0A /* DoraScreenInforHeader.h */ = {isa = PBXFileReference; lastKnownFileType = sourcecode.c.h; path = DoraScreenInforHeader.h; sourceTree = "<group>"; };
		C62E41BF2043A13600275D0A /* DoraColorDefineHeader.h */ = {isa = PBXFileReference; lastKnownFileType = sourcecode.c.h; path = DoraColorDefineHeader.h; sourceTree = "<group>"; };
		C62E41C02043A9E900275D0A /* NSString+MD5.h */ = {isa = PBXFileReference; lastKnownFileType = sourcecode.c.h; path = "NSString+MD5.h"; sourceTree = "<group>"; };
		C62E41C12043A9E900275D0A /* NSString+MD5.m */ = {isa = PBXFileReference; lastKnownFileType = sourcecode.c.objc; path = "NSString+MD5.m"; sourceTree = "<group>"; };
		C62E41C32043AD5600275D0A /* DoraLoginNetWorking.h */ = {isa = PBXFileReference; lastKnownFileType = sourcecode.c.h; path = DoraLoginNetWorking.h; sourceTree = "<group>"; };
		C62E41C42043AD5600275D0A /* DoraLoginNetWorking.m */ = {isa = PBXFileReference; lastKnownFileType = sourcecode.c.objc; path = DoraLoginNetWorking.m; sourceTree = "<group>"; };
		C62E41C62043C17A00275D0A /* DoraSigninInfoViewController.h */ = {isa = PBXFileReference; lastKnownFileType = sourcecode.c.h; path = DoraSigninInfoViewController.h; sourceTree = "<group>"; };
		C62E41C72043C17A00275D0A /* DoraSigninInfoViewController.m */ = {isa = PBXFileReference; lastKnownFileType = sourcecode.c.objc; path = DoraSigninInfoViewController.m; sourceTree = "<group>"; };
		C62E41CC2043E91C00275D0A /* UIView+DoraLoginGetInfoQueView.h */ = {isa = PBXFileReference; lastKnownFileType = sourcecode.c.h; path = "UIView+DoraLoginGetInfoQueView.h"; sourceTree = "<group>"; };
		C62E41CD2043E91C00275D0A /* UIView+DoraLoginGetInfoQueView.m */ = {isa = PBXFileReference; lastKnownFileType = sourcecode.c.objc; path = "UIView+DoraLoginGetInfoQueView.m"; sourceTree = "<group>"; };
		C63EC77420427E7D00C70D24 /* DoraLoginViewController.h */ = {isa = PBXFileReference; lastKnownFileType = sourcecode.c.h; path = DoraLoginViewController.h; sourceTree = "<group>"; };
		C63EC77520427E7D00C70D24 /* DoraLoginViewController.m */ = {isa = PBXFileReference; lastKnownFileType = sourcecode.c.objc; path = DoraLoginViewController.m; sourceTree = "<group>"; };
		C63EC77720428A2900C70D24 /* UIButton+DoraLoginButtonView.h */ = {isa = PBXFileReference; lastKnownFileType = sourcecode.c.h; path = "UIButton+DoraLoginButtonView.h"; sourceTree = "<group>"; };
		C63EC77820428A2900C70D24 /* UIButton+DoraLoginButtonView.m */ = {isa = PBXFileReference; lastKnownFileType = sourcecode.c.objc; path = "UIButton+DoraLoginButtonView.m"; sourceTree = "<group>"; };
		C63EC77A20428F4C00C70D24 /* DoraLoginSubViewController.h */ = {isa = PBXFileReference; lastKnownFileType = sourcecode.c.h; path = DoraLoginSubViewController.h; sourceTree = "<group>"; };
		C63EC77B20428F4C00C70D24 /* DoraLoginSubViewController.m */ = {isa = PBXFileReference; lastKnownFileType = sourcecode.c.objc; path = DoraLoginSubViewController.m; sourceTree = "<group>"; };
		C63EC780204292D900C70D24 /* DoraSignInViewController.h */ = {isa = PBXFileReference; lastKnownFileType = sourcecode.c.h; path = DoraSignInViewController.h; sourceTree = "<group>"; };
		C63EC781204292D900C70D24 /* DoraSignInViewController.m */ = {isa = PBXFileReference; lastKnownFileType = sourcecode.c.objc; path = DoraSignInViewController.m; sourceTree = "<group>"; };
		C65D0C722008DD74007BF294 /* UIScrollView+DoraScrollUI.h */ = {isa = PBXFileReference; lastKnownFileType = sourcecode.c.h; path = "UIScrollView+DoraScrollUI.h"; sourceTree = "<group>"; };
		C65D0C732008DD74007BF294 /* UIScrollView+DoraScrollUI.m */ = {isa = PBXFileReference; lastKnownFileType = sourcecode.c.objc; path = "UIScrollView+DoraScrollUI.m"; sourceTree = "<group>"; };
		C65D0C78200C7889007BF294 /* UIView+DoraViewUI.h */ = {isa = PBXFileReference; lastKnownFileType = sourcecode.c.h; path = "UIView+DoraViewUI.h"; sourceTree = "<group>"; };
		C65D0C79200C7889007BF294 /* UIView+DoraViewUI.m */ = {isa = PBXFileReference; lastKnownFileType = sourcecode.c.objc; path = "UIView+DoraViewUI.m"; sourceTree = "<group>"; };
		C65D0C7B200C7F5E007BF294 /* DoraExercisePointView.h */ = {isa = PBXFileReference; lastKnownFileType = sourcecode.c.h; path = DoraExercisePointView.h; sourceTree = "<group>"; };
		C65D0C7C200C7F5E007BF294 /* DoraExercisePointView.m */ = {isa = PBXFileReference; lastKnownFileType = sourcecode.c.objc; path = DoraExercisePointView.m; sourceTree = "<group>"; };
		C65D0C7E200CD7D0007BF294 /* UIButton+DoraButtonUI.h */ = {isa = PBXFileReference; lastKnownFileType = sourcecode.c.h; path = "UIButton+DoraButtonUI.h"; sourceTree = "<group>"; };
		C65D0C7F200CD7D0007BF294 /* UIButton+DoraButtonUI.m */ = {isa = PBXFileReference; lastKnownFileType = sourcecode.c.objc; path = "UIButton+DoraButtonUI.m"; sourceTree = "<group>"; };
		C68BA781200E32A70092DAC4 /* DoraRecomFoodUnitView.h */ = {isa = PBXFileReference; lastKnownFileType = sourcecode.c.h; path = DoraRecomFoodUnitView.h; sourceTree = "<group>"; };
		C68BA782200E32A70092DAC4 /* DoraRecomFoodUnitView.m */ = {isa = PBXFileReference; lastKnownFileType = sourcecode.c.objc; path = DoraRecomFoodUnitView.m; sourceTree = "<group>"; };
		C6A49A5F2069023700405B39 /* DoraExerciseButtonWrapper.h */ = {isa = PBXFileReference; lastKnownFileType = sourcecode.c.h; path = DoraExerciseButtonWrapper.h; sourceTree = "<group>"; };
		C6A49A602069023700405B39 /* DoraExerciseButtonWrapper.m */ = {isa = PBXFileReference; lastKnownFileType = sourcecode.c.objc; path = DoraExerciseButtonWrapper.m; sourceTree = "<group>"; };
		C6A49A64206915D100405B39 /* DoraExerciseActionShowController.h */ = {isa = PBXFileReference; lastKnownFileType = sourcecode.c.h; path = DoraExerciseActionShowController.h; sourceTree = "<group>"; };
		C6A49A65206915D100405B39 /* DoraExerciseActionShowController.m */ = {isa = PBXFileReference; lastKnownFileType = sourcecode.c.objc; path = DoraExerciseActionShowController.m; sourceTree = "<group>"; };
		C6B67FD4204FCEB50090CD1D /* DoraExerciseRecomViewController.h */ = {isa = PBXFileReference; lastKnownFileType = sourcecode.c.h; path = DoraExerciseRecomViewController.h; sourceTree = "<group>"; };
		C6B67FD5204FCEB50090CD1D /* DoraExerciseRecomViewController.m */ = {isa = PBXFileReference; lastKnownFileType = sourcecode.c.objc; path = DoraExerciseRecomViewController.m; sourceTree = "<group>"; };
		C6BA1B4B2000C3A100F163B8 /* DoraUIRecomBonus.h */ = {isa = PBXFileReference; fileEncoding = 4; lastKnownFileType = sourcecode.c.h; path = DoraUIRecomBonus.h; sourceTree = "<group>"; };
		C6BA1B4C2000C3A100F163B8 /* DoraUIRecomBonus.m */ = {isa = PBXFileReference; fileEncoding = 4; lastKnownFileType = sourcecode.c.objc; path = DoraUIRecomBonus.m; sourceTree = "<group>"; };
		C6BA1B4F2000C79C00F163B8 /* UIImageView+ImageViewUI.h */ = {isa = PBXFileReference; fileEncoding = 4; lastKnownFileType = sourcecode.c.h; path = "UIImageView+ImageViewUI.h"; sourceTree = "<group>"; };
		C6BA1B502000C79C00F163B8 /* UIImageView+ImageViewUI.m */ = {isa = PBXFileReference; fileEncoding = 4; lastKnownFileType = sourcecode.c.objc; path = "UIImageView+ImageViewUI.m"; sourceTree = "<group>"; };
		C6BE9DB61FD9173B00569EC9 /* SweetyFit.app */ = {isa = PBXFileReference; explicitFileType = wrapper.application; includeInIndex = 0; path = SweetyFit.app; sourceTree = BUILT_PRODUCTS_DIR; };
		C6BE9DBA1FD9173B00569EC9 /* main.m */ = {isa = PBXFileReference; lastKnownFileType = sourcecode.c.objc; path = main.m; sourceTree = "<group>"; };
		C6BE9DBC1FD9173B00569EC9 /* AppDelegate.h */ = {isa = PBXFileReference; lastKnownFileType = sourcecode.c.h; path = AppDelegate.h; sourceTree = "<group>"; };
		C6BE9DBD1FD9173B00569EC9 /* AppDelegate.m */ = {isa = PBXFileReference; lastKnownFileType = sourcecode.c.objc; path = AppDelegate.m; sourceTree = "<group>"; };
		C6BE9DC31FD9173B00569EC9 /* Base */ = {isa = PBXFileReference; lastKnownFileType = file.storyboard; name = Base; path = Base.lproj/Main.storyboard; sourceTree = "<group>"; };
		C6BE9DC51FD9173B00569EC9 /* Assets.xcassets */ = {isa = PBXFileReference; lastKnownFileType = folder.assetcatalog; path = Assets.xcassets; sourceTree = "<group>"; };
		C6BE9DC81FD9173B00569EC9 /* Base */ = {isa = PBXFileReference; lastKnownFileType = file.storyboard; name = Base; path = Base.lproj/LaunchScreen.storyboard; sourceTree = "<group>"; };
		C6BE9DCA1FD9173B00569EC9 /* Info.plist */ = {isa = PBXFileReference; lastKnownFileType = text.plist.xml; path = Info.plist; sourceTree = "<group>"; };
		C6BE9DCF1FD9173B00569EC9 /* SweetyFitTests.xctest */ = {isa = PBXFileReference; explicitFileType = wrapper.cfbundle; includeInIndex = 0; path = SweetyFitTests.xctest; sourceTree = BUILT_PRODUCTS_DIR; };
		C6BE9DD31FD9173B00569EC9 /* SweetyFitTests.m */ = {isa = PBXFileReference; lastKnownFileType = sourcecode.c.objc; path = SweetyFitTests.m; sourceTree = "<group>"; };
		C6BE9DD51FD9173B00569EC9 /* Info.plist */ = {isa = PBXFileReference; lastKnownFileType = text.plist.xml; path = Info.plist; sourceTree = "<group>"; };
		C6BE9DDA1FD9173B00569EC9 /* SweetyFitUITests.xctest */ = {isa = PBXFileReference; explicitFileType = wrapper.cfbundle; includeInIndex = 0; path = SweetyFitUITests.xctest; sourceTree = BUILT_PRODUCTS_DIR; };
		C6BE9DDE1FD9173B00569EC9 /* SweetyFitUITests.m */ = {isa = PBXFileReference; lastKnownFileType = sourcecode.c.objc; path = SweetyFitUITests.m; sourceTree = "<group>"; };
		C6BE9DE01FD9173B00569EC9 /* Info.plist */ = {isa = PBXFileReference; lastKnownFileType = text.plist.xml; path = Info.plist; sourceTree = "<group>"; };
		C6BE9E001FDBA77200569EC9 /* DoraRootNavigationViewController.h */ = {isa = PBXFileReference; fileEncoding = 4; lastKnownFileType = sourcecode.c.h; path = DoraRootNavigationViewController.h; sourceTree = "<group>"; };
		C6BE9E011FDBA77200569EC9 /* DoraRootNavigationViewController.m */ = {isa = PBXFileReference; fileEncoding = 4; lastKnownFileType = sourcecode.c.objc; path = DoraRootNavigationViewController.m; sourceTree = "<group>"; };
		C6BE9E061FDE64FF00569EC9 /* PrefixHeader.pch */ = {isa = PBXFileReference; lastKnownFileType = sourcecode.c.h; path = PrefixHeader.pch; sourceTree = "<group>"; };
		C6BE9E0A1FDF8BAA00569EC9 /* DoraRecomViewController.h */ = {isa = PBXFileReference; fileEncoding = 4; lastKnownFileType = sourcecode.c.h; path = DoraRecomViewController.h; sourceTree = "<group>"; };
		C6BE9E0B1FDF8BAA00569EC9 /* DoraRecomViewController.m */ = {isa = PBXFileReference; fileEncoding = 4; lastKnownFileType = sourcecode.c.objc; path = DoraRecomViewController.m; sourceTree = "<group>"; };
		C6BE9E131FDFABBA00569EC9 /* DoraPersonalViewController.h */ = {isa = PBXFileReference; fileEncoding = 4; lastKnownFileType = sourcecode.c.h; path = DoraPersonalViewController.h; sourceTree = "<group>"; };
		C6BE9E141FDFABBA00569EC9 /* DoraPersonalViewController.m */ = {isa = PBXFileReference; fileEncoding = 4; lastKnownFileType = sourcecode.c.objc; path = DoraPersonalViewController.m; sourceTree = "<group>"; };
		C6C6BD201FED3BC9001A98B2 /* DoraUIScrollViewRecomWrapper.h */ = {isa = PBXFileReference; fileEncoding = 4; lastKnownFileType = sourcecode.c.h; path = DoraUIScrollViewRecomWrapper.h; sourceTree = "<group>"; };
		C6C6BD211FED3BC9001A98B2 /* DoraUIScrollViewRecomWrapper.m */ = {isa = PBXFileReference; fileEncoding = 4; lastKnownFileType = sourcecode.c.objc; path = DoraUIScrollViewRecomWrapper.m; sourceTree = "<group>"; };
		C6E0806520526EE000E72F1B /* DoraExerciseDataViewController.h */ = {isa = PBXFileReference; lastKnownFileType = sourcecode.c.h; path = DoraExerciseDataViewController.h; sourceTree = "<group>"; };
		C6E0806620526EE000E72F1B /* DoraExerciseDataViewController.m */ = {isa = PBXFileReference; lastKnownFileType = sourcecode.c.objc; path = DoraExerciseDataViewController.m; sourceTree = "<group>"; };
		C6E4788E2004B78D00B2C624 /* AVKit.framework */ = {isa = PBXFileReference; lastKnownFileType = wrapper.framework; name = AVKit.framework; path = System/Library/Frameworks/AVKit.framework; sourceTree = SDKROOT; };
		C6E478902004B7A600B2C624 /* ImageIO.framework */ = {isa = PBXFileReference; lastKnownFileType = wrapper.framework; name = ImageIO.framework; path = System/Library/Frameworks/ImageIO.framework; sourceTree = SDKROOT; };
		C6E478922004B7D100B2C624 /* MapKit.framework */ = {isa = PBXFileReference; lastKnownFileType = wrapper.framework; name = MapKit.framework; path = System/Library/Frameworks/MapKit.framework; sourceTree = SDKROOT; };
		C6E63F8020517B64004FBA34 /* DoraFoodRecomViewController.h */ = {isa = PBXFileReference; lastKnownFileType = sourcecode.c.h; path = DoraFoodRecomViewController.h; sourceTree = "<group>"; };
		C6E63F8120517B64004FBA34 /* DoraFoodRecomViewController.m */ = {isa = PBXFileReference; lastKnownFileType = sourcecode.c.objc; path = DoraFoodRecomViewController.m; sourceTree = "<group>"; };
		C6F21718205B735B00BB0F60 /* DoraActionSettingView.h */ = {isa = PBXFileReference; lastKnownFileType = sourcecode.c.h; path = DoraActionSettingView.h; sourceTree = "<group>"; };
		C6F21719205B735B00BB0F60 /* DoraActionSettingView.m */ = {isa = PBXFileReference; lastKnownFileType = sourcecode.c.objc; path = DoraActionSettingView.m; sourceTree = "<group>"; };
		C6F21DDC20522BE3001A521B /* SweetyFit.entitlements */ = {isa = PBXFileReference; lastKnownFileType = text.plist.entitlements; path = SweetyFit.entitlements; sourceTree = "<group>"; };
		C6F21DE520523734001A521B /* HealthKit.framework */ = {isa = PBXFileReference; lastKnownFileType = wrapper.framework; name = HealthKit.framework; path = System/Library/Frameworks/HealthKit.framework; sourceTree = SDKROOT; };
		C6FB2FBD1FFF688D000E194A /* UILabel+TextUI.h */ = {isa = PBXFileReference; fileEncoding = 4; lastKnownFileType = sourcecode.c.h; path = "UILabel+TextUI.h"; sourceTree = "<group>"; };
		C6FB2FBE1FFF688D000E194A /* UILabel+TextUI.m */ = {isa = PBXFileReference; fileEncoding = 4; lastKnownFileType = sourcecode.c.objc; path = "UILabel+TextUI.m"; sourceTree = "<group>"; };
		DE1E02CD8D2EDC507BDF22A4 /* Pods-SweetyFit.release.xcconfig */ = {isa = PBXFileReference; includeInIndex = 1; lastKnownFileType = text.xcconfig; name = "Pods-SweetyFit.release.xcconfig"; path = "Pods/Target Support Files/Pods-SweetyFit/Pods-SweetyFit.release.xcconfig"; sourceTree = "<group>"; };
/* End PBXFileReference section */

/* Begin PBXFrameworksBuildPhase section */
		C6BE9DB31FD9173B00569EC9 /* Frameworks */ = {
			isa = PBXFrameworksBuildPhase;
			buildActionMask = 2147483647;
			files = (
				C6E478932004B7D100B2C624 /* MapKit.framework in Frameworks */,
				C6E478912004B7A600B2C624 /* ImageIO.framework in Frameworks */,
				C6E4788F2004B78D00B2C624 /* AVKit.framework in Frameworks */,
				D94D7FB4FA6E90EAB64EE1FE /* Pods_SweetyFit.framework in Frameworks */,
				C6F21DE620523734001A521B /* HealthKit.framework in Frameworks */,
			);
			runOnlyForDeploymentPostprocessing = 0;
		};
		C6BE9DCC1FD9173B00569EC9 /* Frameworks */ = {
			isa = PBXFrameworksBuildPhase;
			buildActionMask = 2147483647;
			files = (
			);
			runOnlyForDeploymentPostprocessing = 0;
		};
		C6BE9DD71FD9173B00569EC9 /* Frameworks */ = {
			isa = PBXFrameworksBuildPhase;
			buildActionMask = 2147483647;
			files = (
			);
			runOnlyForDeploymentPostprocessing = 0;
		};
/* End PBXFrameworksBuildPhase section */

/* Begin PBXGroup section */
		9340ABA2204C113400EEFBD0 /* Products */ = {
			isa = PBXGroup;
			children = (
				9340ABA7204C113400EEFBD0 /* Charts.framework */,
				9340ABA9204C113400EEFBD0 /* ChartsTests.xctest */,
			);
			name = Products;
			sourceTree = "<group>";
		};
		9340ABAC204C2C9700EEFBD0 /* AxisFormatter */ = {
			isa = PBXGroup;
			children = (
				9340ABAE204C2CA400EEFBD0 /* DayAxisValueFormatter.h */,
				9340ABAD204C2CA400EEFBD0 /* DayAxisValueFormatter.m */,
			);
			name = AxisFormatter;
			sourceTree = "<group>";
		};
		C60AA875200F33C900967176 /* ViewClass */ = {
			isa = PBXGroup;
			children = (
				C68BA781200E32A70092DAC4 /* DoraRecomFoodUnitView.h */,
				C68BA782200E32A70092DAC4 /* DoraRecomFoodUnitView.m */,
				C60AA876200F344700967176 /* DoraRecomFoodContentWrapperView.h */,
				C60AA877200F344700967176 /* DoraRecomFoodContentWrapperView.m */,
			);
			name = ViewClass;
			sourceTree = "<group>";
		};
		C62BC406202F22B000FD630C /* DoraSearch */ = {
			isa = PBXGroup;
			children = (
			);
			name = DoraSearch;
			sourceTree = "<group>";
		};
		C63D62612003606800A2D118 /* elementsModel */ = {
			isa = PBXGroup;
			children = (
			);
			name = elementsModel;
			sourceTree = "<group>";
		};
		C6BA1B4E2000C65300F163B8 /* elementsController */ = {
			isa = PBXGroup;
			children = (
				C62BC406202F22B000FD630C /* DoraSearch */,
			);
			name = elementsController;
			sourceTree = "<group>";
		};
		C6BE9DAD1FD9173A00569EC9 = {
			isa = PBXGroup;
			children = (
				C6BE9DB81FD9173B00569EC9 /* SweetyFit */,
				C6BE9DD21FD9173B00569EC9 /* SweetyFitTests */,
				C6BE9DDD1FD9173B00569EC9 /* SweetyFitUITests */,
				C6BE9DB71FD9173B00569EC9 /* Products */,
				C6E4788D2004B78D00B2C624 /* Frameworks */,
				F26708281EC01B00C8EBD8F9 /* Pods */,
			);
			sourceTree = "<group>";
		};
		C6BE9DB71FD9173B00569EC9 /* Products */ = {
			isa = PBXGroup;
			children = (
				C6BE9DB61FD9173B00569EC9 /* SweetyFit.app */,
				C6BE9DCF1FD9173B00569EC9 /* SweetyFitTests.xctest */,
				C6BE9DDA1FD9173B00569EC9 /* SweetyFitUITests.xctest */,
			);
			name = Products;
			sourceTree = "<group>";
		};
		C6BE9DB81FD9173B00569EC9 /* SweetyFit */ = {
			isa = PBXGroup;
			children = (
				C6F21DDC20522BE3001A521B /* SweetyFit.entitlements */,
				9340ABA1204C113400EEFBD0 /* Charts.xcodeproj */,
				C6BE9DEF1FDBA5E400569EC9 /* mainapp */,
				C6BE9DED1FDBA51500569EC9 /* Login */,
				C6BE9DBC1FD9173B00569EC9 /* AppDelegate.h */,
				C6BE9DBD1FD9173B00569EC9 /* AppDelegate.m */,
				C6BE9DC21FD9173B00569EC9 /* Main.storyboard */,
				C6BE9DC51FD9173B00569EC9 /* Assets.xcassets */,
				C6BE9DC71FD9173B00569EC9 /* LaunchScreen.storyboard */,
				C6BE9DCA1FD9173B00569EC9 /* Info.plist */,
				C6BE9DB91FD9173B00569EC9 /* Supporting Files */,
				93F10F1D2013039C0012E14B /* DoraCommonHeader.h */,
				C62E41BD20439FD200275D0A /* DoraLoginHeader.h */,
				C62E41BE2043A0E200275D0A /* DoraScreenInforHeader.h */,
				C62E41BF2043A13600275D0A /* DoraColorDefineHeader.h */,
			);
			path = SweetyFit;
			sourceTree = "<group>";
		};
		C6BE9DB91FD9173B00569EC9 /* Supporting Files */ = {
			isa = PBXGroup;
			children = (
				C6BE9DBA1FD9173B00569EC9 /* main.m */,
				C6BE9E061FDE64FF00569EC9 /* PrefixHeader.pch */,
				9340AB9F204C102800EEFBD0 /* DoraChartsHeaderBridge.swift */,
				9340AB9E204C102800EEFBD0 /* SweetyFit-Bridging-Header.h */,
			);
			name = "Supporting Files";
			sourceTree = "<group>";
		};
		C6BE9DD21FD9173B00569EC9 /* SweetyFitTests */ = {
			isa = PBXGroup;
			children = (
				C6BE9DD31FD9173B00569EC9 /* SweetyFitTests.m */,
				C6BE9DD51FD9173B00569EC9 /* Info.plist */,
			);
			path = SweetyFitTests;
			sourceTree = "<group>";
		};
		C6BE9DDD1FD9173B00569EC9 /* SweetyFitUITests */ = {
			isa = PBXGroup;
			children = (
				C6BE9DDE1FD9173B00569EC9 /* SweetyFitUITests.m */,
				C6BE9DE01FD9173B00569EC9 /* Info.plist */,
			);
			path = SweetyFitUITests;
			sourceTree = "<group>";
		};
		C6BE9DED1FDBA51500569EC9 /* Login */ = {
			isa = PBXGroup;
			children = (
				C6BE9E051FDBA81400569EC9 /* controller */,
				C6BE9E041FDBA80E00569EC9 /* model */,
				C6BE9E031FDBA80600569EC9 /* view */,
			);
			name = Login;
			sourceTree = "<group>";
		};
		C6BE9DEF1FDBA5E400569EC9 /* mainapp */ = {
			isa = PBXGroup;
			children = (
				C63D62612003606800A2D118 /* elementsModel */,
				C6BA1B4E2000C65300F163B8 /* elementsController */,
				C6FB2FBC1FFF5827000E194A /* elementsView */,
				C6BE9DF31FDBA60C00569EC9 /* personal */,
				C6BE9DF21FDBA60400569EC9 /* food */,
				C6BE9DF11FDBA5FB00569EC9 /* exercise */,
				C6BE9DF01FDBA5F000569EC9 /* recom */,
				C6BE9E001FDBA77200569EC9 /* DoraRootNavigationViewController.h */,
				C6BE9E011FDBA77200569EC9 /* DoraRootNavigationViewController.m */,
			);
			name = mainapp;
			sourceTree = "<group>";
		};
		C6BE9DF01FDBA5F000569EC9 /* recom */ = {
			isa = PBXGroup;
			children = (
				C6BE9DFF1FDBA68700569EC9 /* controller */,
				C6BE9DFE1FDBA68200569EC9 /* view */,
				C6BE9DFD1FDBA67900569EC9 /* model */,
			);
			name = recom;
			sourceTree = "<group>";
		};
		C6BE9DF11FDBA5FB00569EC9 /* exercise */ = {
			isa = PBXGroup;
			children = (
				C6BE9DFC1FDBA67000569EC9 /* controller */,
				C6BE9DFB1FDBA66A00569EC9 /* view */,
				C6BE9DFA1FDBA66200569EC9 /* model */,
			);
			name = exercise;
			sourceTree = "<group>";
		};
		C6BE9DF21FDBA60400569EC9 /* food */ = {
			isa = PBXGroup;
			children = (
				C6BE9DF91FDBA65800569EC9 /* controller */,
				C6BE9DF81FDBA64A00569EC9 /* view */,
				C6BE9DF71FDBA64200569EC9 /* model */,
			);
			name = food;
			sourceTree = "<group>";
		};
		C6BE9DF31FDBA60C00569EC9 /* personal */ = {
			isa = PBXGroup;
			children = (
				C6BE9DF61FDBA62C00569EC9 /* controller */,
				C6BE9DF51FDBA62500569EC9 /* view */,
				C6BE9DF41FDBA61F00569EC9 /* model */,
			);
			name = personal;
			sourceTree = "<group>";
		};
		C6BE9DF41FDBA61F00569EC9 /* model */ = {
			isa = PBXGroup;
			children = (
				9392500A205D6E3800A51575 /* DoraPersonalDataModel.m */,
				93925009205D6E1A00A51575 /* DoraPersonalDataModel.h */,
			);
			name = model;
			sourceTree = "<group>";
		};
		C6BE9DF51FDBA62500569EC9 /* view */ = {
			isa = PBXGroup;
			children = (
				9340ABAC204C2C9700EEFBD0 /* AxisFormatter */,
				9350351720446570001331D0 /* DoraPersonalHistory.h */,
				9350351620446570001331D0 /* DoraPersonalHistory.m */,
				935035152044656F001331D0 /* DoraPersonalProfile.h */,
				9350351820446570001331D0 /* DoraPersonalProfile.m */,
				9350351A20446570001331D0 /* DoraPersonalSuggestion.h */,
				9350351920446570001331D0 /* DoraPersonalSuggestion.m */,
				93F10F242013095A0012E14B /* DoraPersonalTableCell.h */,
				93F10F22201309470012E14B /* DoraPersonalTableCell.m */,
			);
			name = view;
			sourceTree = "<group>";
		};
		C6BE9DF61FDBA62C00569EC9 /* controller */ = {
			isa = PBXGroup;
			children = (
				C6BE9E131FDFABBA00569EC9 /* DoraPersonalViewController.h */,
				C6BE9E141FDFABBA00569EC9 /* DoraPersonalViewController.m */,
			);
			name = controller;
			sourceTree = "<group>";
		};
		C6BE9DF71FDBA64200569EC9 /* model */ = {
			isa = PBXGroup;
			children = (
				C601E21620121FAB001147DF /* DoraFoodTableSectionData.h */,
				C601E21720121FAB001147DF /* DoraFoodTableSectionData.m */,
				C601E21920121FC1001147DF /* DoraFoodTableCellData.h */,
				C601E21A20121FC1001147DF /* DoraFoodTableCellData.m */,
			);
			name = model;
			sourceTree = "<group>";
		};
		C6BE9DF81FDBA64A00569EC9 /* view */ = {
			isa = PBXGroup;
			children = (
				93015BF520124B8E0001FDD5 /* DoraFoodTableViewCell.h */,
				93015BF620124BBB0001FDD5 /* DoraFoodTableViewCell.m */,
			);
			name = view;
			sourceTree = "<group>";
		};
		C6BE9DF91FDBA65800569EC9 /* controller */ = {
			isa = PBXGroup;
			children = (
				C601E21320121C24001147DF /* DoraFoodViewController.h */,
				C601E21420121C24001147DF /* DoraFoodViewController.m */,
			);
			name = controller;
			sourceTree = "<group>";
		};
		C6BE9DFA1FDBA66200569EC9 /* model */ = {
			isa = PBXGroup;
			children = (
				C6265B8E2010E5AA006F5D55 /* DoraExerciseTableSectionData.h */,
				C6265B8F2010E5AA006F5D55 /* DoraExerciseTableSectionData.m */,
				C6265B912010E65E006F5D55 /* DoraExerciseTableCellData.h */,
				C6265B922010E65E006F5D55 /* DoraExerciseTableCellData.m */,
				C6265B972010E6DA006F5D55 /* DoraExerciseTableCellButtonData.h */,
				C6265B982010E6DA006F5D55 /* DoraExerciseTableCellButtonData.m */,
			);
			name = model;
			sourceTree = "<group>";
		};
		C6BE9DFB1FDBA66A00569EC9 /* view */ = {
			isa = PBXGroup;
			children = (
				C6265B8B2010AC40006F5D55 /* DoraExerciseTableViewCell.h */,
				C6265B8C2010AC40006F5D55 /* DoraExerciseTableViewCell.m */,
				C601E2102011C50A001147DF /* DoraExericiseTableViewCellButton.h */,
				C601E2112011C50A001147DF /* DoraExericiseTableViewCellButton.m */,
				C6A49A5F2069023700405B39 /* DoraExerciseButtonWrapper.h */,
				C6A49A602069023700405B39 /* DoraExerciseButtonWrapper.m */,
			);
			name = view;
			sourceTree = "<group>";
		};
		C6BE9DFC1FDBA67000569EC9 /* controller */ = {
			isa = PBXGroup;
			children = (
				C60AA879200F776800967176 /* DoraExerciseViewController.h */,
				C60AA87A200F776800967176 /* DoraExerciseViewController.m */,
				C6A49A64206915D100405B39 /* DoraExerciseActionShowController.h */,
				C6A49A65206915D100405B39 /* DoraExerciseActionShowController.m */,
			);
			name = controller;
			sourceTree = "<group>";
		};
		C6BE9DFD1FDBA67900569EC9 /* model */ = {
			isa = PBXGroup;
			children = (
			);
			name = model;
			sourceTree = "<group>";
		};
		C6BE9DFE1FDBA68200569EC9 /* view */ = {
			isa = PBXGroup;
			children = (
				C60AA875200F33C900967176 /* ViewClass */,
				C6C6BD201FED3BC9001A98B2 /* DoraUIScrollViewRecomWrapper.h */,
				C6C6BD211FED3BC9001A98B2 /* DoraUIScrollViewRecomWrapper.m */,
				C6BA1B4B2000C3A100F163B8 /* DoraUIRecomBonus.h */,
				C6BA1B4C2000C3A100F163B8 /* DoraUIRecomBonus.m */,
				C6F21718205B735B00BB0F60 /* DoraActionSettingView.h */,
				C6F21719205B735B00BB0F60 /* DoraActionSettingView.m */,
			);
			name = view;
			sourceTree = "<group>";
		};
		C6BE9DFF1FDBA68700569EC9 /* controller */ = {
			isa = PBXGroup;
			children = (
				C6BE9E0A1FDF8BAA00569EC9 /* DoraRecomViewController.h */,
				C6BE9E0B1FDF8BAA00569EC9 /* DoraRecomViewController.m */,
				C6B67FD4204FCEB50090CD1D /* DoraExerciseRecomViewController.h */,
				C6B67FD5204FCEB50090CD1D /* DoraExerciseRecomViewController.m */,
				C6E63F8020517B64004FBA34 /* DoraFoodRecomViewController.h */,
				C6E63F8120517B64004FBA34 /* DoraFoodRecomViewController.m */,
				C6E0806520526EE000E72F1B /* DoraExerciseDataViewController.h */,
				C6E0806620526EE000E72F1B /* DoraExerciseDataViewController.m */,
			);
			name = controller;
			sourceTree = "<group>";
		};
		C6BE9E031FDBA80600569EC9 /* view */ = {
			isa = PBXGroup;
			children = (
				C63EC77720428A2900C70D24 /* UIButton+DoraLoginButtonView.h */,
				C63EC77820428A2900C70D24 /* UIButton+DoraLoginButtonView.m */,
				C62E41BA204398CB00275D0A /* UITextField+DoraLoginInput.h */,
				C62E41BB204398CB00275D0A /* UITextField+DoraLoginInput.m */,
				C62E41CC2043E91C00275D0A /* UIView+DoraLoginGetInfoQueView.h */,
				C62E41CD2043E91C00275D0A /* UIView+DoraLoginGetInfoQueView.m */,
			);
			name = view;
			sourceTree = "<group>";
		};
		C6BE9E041FDBA80E00569EC9 /* model */ = {
			isa = PBXGroup;
			children = (
				C62E41C02043A9E900275D0A /* NSString+MD5.h */,
				C62E41C12043A9E900275D0A /* NSString+MD5.m */,
				C62E41C32043AD5600275D0A /* DoraLoginNetWorking.h */,
				C62E41C42043AD5600275D0A /* DoraLoginNetWorking.m */,
			);
			name = model;
			sourceTree = "<group>";
		};
		C6BE9E051FDBA81400569EC9 /* controller */ = {
			isa = PBXGroup;
			children = (
				C63EC77420427E7D00C70D24 /* DoraLoginViewController.h */,
				C63EC77520427E7D00C70D24 /* DoraLoginViewController.m */,
				C63EC77A20428F4C00C70D24 /* DoraLoginSubViewController.h */,
				C63EC77B20428F4C00C70D24 /* DoraLoginSubViewController.m */,
				C63EC780204292D900C70D24 /* DoraSignInViewController.h */,
				C63EC781204292D900C70D24 /* DoraSignInViewController.m */,
				C62E41C62043C17A00275D0A /* DoraSigninInfoViewController.h */,
				C62E41C72043C17A00275D0A /* DoraSigninInfoViewController.m */,
			);
			name = controller;
			sourceTree = "<group>";
		};
		C6E4788D2004B78D00B2C624 /* Frameworks */ = {
			isa = PBXGroup;
			children = (
				C6F21DE520523734001A521B /* HealthKit.framework */,
				C6E478922004B7D100B2C624 /* MapKit.framework */,
				C6E478902004B7A600B2C624 /* ImageIO.framework */,
				C6E4788E2004B78D00B2C624 /* AVKit.framework */,
				1C20F9D4FDF9EC8DB2512214 /* Pods_SweetyFit.framework */,
			);
			name = Frameworks;
			sourceTree = "<group>";
		};
		C6FB2FBC1FFF5827000E194A /* elementsView */ = {
			isa = PBXGroup;
			children = (
				C6FB2FBD1FFF688D000E194A /* UILabel+TextUI.h */,
				C6FB2FBE1FFF688D000E194A /* UILabel+TextUI.m */,
				C6BA1B4F2000C79C00F163B8 /* UIImageView+ImageViewUI.h */,
				C6BA1B502000C79C00F163B8 /* UIImageView+ImageViewUI.m */,
				C65D0C722008DD74007BF294 /* UIScrollView+DoraScrollUI.h */,
				C65D0C732008DD74007BF294 /* UIScrollView+DoraScrollUI.m */,
				C65D0C78200C7889007BF294 /* UIView+DoraViewUI.h */,
				C65D0C79200C7889007BF294 /* UIView+DoraViewUI.m */,
				C65D0C7B200C7F5E007BF294 /* DoraExercisePointView.h */,
				C65D0C7C200C7F5E007BF294 /* DoraExercisePointView.m */,
				C65D0C7E200CD7D0007BF294 /* UIButton+DoraButtonUI.h */,
				C65D0C7F200CD7D0007BF294 /* UIButton+DoraButtonUI.m */,
			);
			name = elementsView;
			sourceTree = "<group>";
		};
		F26708281EC01B00C8EBD8F9 /* Pods */ = {
			isa = PBXGroup;
			children = (
				4477141D17F1DC1C5560779E /* Pods-SweetyFit.debug.xcconfig */,
				DE1E02CD8D2EDC507BDF22A4 /* Pods-SweetyFit.release.xcconfig */,
			);
			name = Pods;
			sourceTree = "<group>";
		};
/* End PBXGroup section */

/* Begin PBXNativeTarget section */
		C6BE9DB51FD9173B00569EC9 /* SweetyFit */ = {
			isa = PBXNativeTarget;
			buildConfigurationList = C6BE9DE31FD9173B00569EC9 /* Build configuration list for PBXNativeTarget "SweetyFit" */;
			buildPhases = (
				2B71BC61A231BA525D6E7F98 /* [CP] Check Pods Manifest.lock */,
				C6BE9DB21FD9173B00569EC9 /* Sources */,
				C6BE9DB31FD9173B00569EC9 /* Frameworks */,
				C6BE9DB41FD9173B00569EC9 /* Resources */,
				ED04512EEBED3A2A6F2888A9 /* [CP] Embed Pods Frameworks */,
				635AF61534318C11AF3B0F06 /* [CP] Copy Pods Resources */,
				9340AB9D204C0FD400EEFBD0 /* Embed Frameworks */,
			);
			buildRules = (
			);
			dependencies = (
			);
			name = SweetyFit;
			productName = SweetyFit;
			productReference = C6BE9DB61FD9173B00569EC9 /* SweetyFit.app */;
			productType = "com.apple.product-type.application";
		};
		C6BE9DCE1FD9173B00569EC9 /* SweetyFitTests */ = {
			isa = PBXNativeTarget;
			buildConfigurationList = C6BE9DE61FD9173B00569EC9 /* Build configuration list for PBXNativeTarget "SweetyFitTests" */;
			buildPhases = (
				C6BE9DCB1FD9173B00569EC9 /* Sources */,
				C6BE9DCC1FD9173B00569EC9 /* Frameworks */,
				C6BE9DCD1FD9173B00569EC9 /* Resources */,
			);
			buildRules = (
			);
			dependencies = (
				C6BE9DD11FD9173B00569EC9 /* PBXTargetDependency */,
			);
			name = SweetyFitTests;
			productName = SweetyFitTests;
			productReference = C6BE9DCF1FD9173B00569EC9 /* SweetyFitTests.xctest */;
			productType = "com.apple.product-type.bundle.unit-test";
		};
		C6BE9DD91FD9173B00569EC9 /* SweetyFitUITests */ = {
			isa = PBXNativeTarget;
			buildConfigurationList = C6BE9DE91FD9173B00569EC9 /* Build configuration list for PBXNativeTarget "SweetyFitUITests" */;
			buildPhases = (
				C6BE9DD61FD9173B00569EC9 /* Sources */,
				C6BE9DD71FD9173B00569EC9 /* Frameworks */,
				C6BE9DD81FD9173B00569EC9 /* Resources */,
			);
			buildRules = (
			);
			dependencies = (
				C6BE9DDC1FD9173B00569EC9 /* PBXTargetDependency */,
			);
			name = SweetyFitUITests;
			productName = SweetyFitUITests;
			productReference = C6BE9DDA1FD9173B00569EC9 /* SweetyFitUITests.xctest */;
			productType = "com.apple.product-type.bundle.ui-testing";
		};
/* End PBXNativeTarget section */

/* Begin PBXProject section */
		C6BE9DAE1FD9173A00569EC9 /* Project object */ = {
			isa = PBXProject;
			attributes = {
				LastUpgradeCheck = 0920;
				ORGANIZATIONNAME = "Duo Zhao";
				TargetAttributes = {
					C6BE9DB51FD9173B00569EC9 = {
						CreatedOnToolsVersion = 8.2.1;
						DevelopmentTeam = XU79TY472J;
						LastSwiftMigration = 0920;
						ProvisioningStyle = Automatic;
						SystemCapabilities = {
							com.apple.HealthKit = {
								enabled = 1;
							};
						};
					};
					C6BE9DCE1FD9173B00569EC9 = {
						CreatedOnToolsVersion = 8.2.1;
						DevelopmentTeam = XU79TY472J;
						ProvisioningStyle = Automatic;
						TestTargetID = C6BE9DB51FD9173B00569EC9;
					};
					C6BE9DD91FD9173B00569EC9 = {
						CreatedOnToolsVersion = 8.2.1;
						DevelopmentTeam = XU79TY472J;
						ProvisioningStyle = Automatic;
						TestTargetID = C6BE9DB51FD9173B00569EC9;
					};
				};
			};
			buildConfigurationList = C6BE9DB11FD9173A00569EC9 /* Build configuration list for PBXProject "SweetyFit" */;
			compatibilityVersion = "Xcode 3.2";
			developmentRegion = English;
			hasScannedForEncodings = 0;
			knownRegions = (
				en,
				Base,
			);
			mainGroup = C6BE9DAD1FD9173A00569EC9;
			productRefGroup = C6BE9DB71FD9173B00569EC9 /* Products */;
			projectDirPath = "";
			projectReferences = (
				{
					ProductGroup = 9340ABA2204C113400EEFBD0 /* Products */;
					ProjectRef = 9340ABA1204C113400EEFBD0 /* Charts.xcodeproj */;
				},
			);
			projectRoot = "";
			targets = (
				C6BE9DB51FD9173B00569EC9 /* SweetyFit */,
				C6BE9DCE1FD9173B00569EC9 /* SweetyFitTests */,
				C6BE9DD91FD9173B00569EC9 /* SweetyFitUITests */,
			);
		};
/* End PBXProject section */

/* Begin PBXReferenceProxy section */
		9340ABA7204C113400EEFBD0 /* Charts.framework */ = {
			isa = PBXReferenceProxy;
			fileType = wrapper.framework;
			path = Charts.framework;
			remoteRef = 9340ABA6204C113400EEFBD0 /* PBXContainerItemProxy */;
			sourceTree = BUILT_PRODUCTS_DIR;
		};
		9340ABA9204C113400EEFBD0 /* ChartsTests.xctest */ = {
			isa = PBXReferenceProxy;
			fileType = wrapper.cfbundle;
			path = ChartsTests.xctest;
			remoteRef = 9340ABA8204C113400EEFBD0 /* PBXContainerItemProxy */;
			sourceTree = BUILT_PRODUCTS_DIR;
		};
/* End PBXReferenceProxy section */

/* Begin PBXResourcesBuildPhase section */
		C6BE9DB41FD9173B00569EC9 /* Resources */ = {
			isa = PBXResourcesBuildPhase;
			buildActionMask = 2147483647;
			files = (
				C6BE9DC91FD9173B00569EC9 /* LaunchScreen.storyboard in Resources */,
				C6BE9DC61FD9173B00569EC9 /* Assets.xcassets in Resources */,
				C6BE9DC41FD9173B00569EC9 /* Main.storyboard in Resources */,
			);
			runOnlyForDeploymentPostprocessing = 0;
		};
		C6BE9DCD1FD9173B00569EC9 /* Resources */ = {
			isa = PBXResourcesBuildPhase;
			buildActionMask = 2147483647;
			files = (
			);
			runOnlyForDeploymentPostprocessing = 0;
		};
		C6BE9DD81FD9173B00569EC9 /* Resources */ = {
			isa = PBXResourcesBuildPhase;
			buildActionMask = 2147483647;
			files = (
			);
			runOnlyForDeploymentPostprocessing = 0;
		};
/* End PBXResourcesBuildPhase section */

/* Begin PBXShellScriptBuildPhase section */
		2B71BC61A231BA525D6E7F98 /* [CP] Check Pods Manifest.lock */ = {
			isa = PBXShellScriptBuildPhase;
			buildActionMask = 2147483647;
			files = (
			);
			inputPaths = (
				"${PODS_PODFILE_DIR_PATH}/Podfile.lock",
				"${PODS_ROOT}/Manifest.lock",
			);
			name = "[CP] Check Pods Manifest.lock";
			outputPaths = (
				"$(DERIVED_FILE_DIR)/Pods-SweetyFit-checkManifestLockResult.txt",
			);
			runOnlyForDeploymentPostprocessing = 0;
			shellPath = /bin/sh;
			shellScript = "diff \"${PODS_PODFILE_DIR_PATH}/Podfile.lock\" \"${PODS_ROOT}/Manifest.lock\" > /dev/null\nif [ $? != 0 ] ; then\n    # print error to STDERR\n    echo \"error: The sandbox is not in sync with the Podfile.lock. Run 'pod install' or update your CocoaPods installation.\" >&2\n    exit 1\nfi\n# This output is used by Xcode 'outputs' to avoid re-running this script phase.\necho \"SUCCESS\" > \"${SCRIPT_OUTPUT_FILE_0}\"\n";
			showEnvVarsInLog = 0;
		};
		635AF61534318C11AF3B0F06 /* [CP] Copy Pods Resources */ = {
			isa = PBXShellScriptBuildPhase;
			buildActionMask = 2147483647;
			files = (
			);
			inputPaths = (
			);
			name = "[CP] Copy Pods Resources";
			outputPaths = (
			);
			runOnlyForDeploymentPostprocessing = 0;
			shellPath = /bin/sh;
			shellScript = "\"${SRCROOT}/Pods/Target Support Files/Pods-SweetyFit/Pods-SweetyFit-resources.sh\"\n";
			showEnvVarsInLog = 0;
		};
		ED04512EEBED3A2A6F2888A9 /* [CP] Embed Pods Frameworks */ = {
			isa = PBXShellScriptBuildPhase;
			buildActionMask = 2147483647;
			files = (
			);
			inputPaths = (
				"${SRCROOT}/Pods/Target Support Files/Pods-SweetyFit/Pods-SweetyFit-frameworks.sh",
				"${BUILT_PRODUCTS_DIR}/AFNetworking/AFNetworking.framework",
				"${BUILT_PRODUCTS_DIR}/SDWebImage/SDWebImage.framework",
			);
			name = "[CP] Embed Pods Frameworks";
			outputPaths = (
				"${TARGET_BUILD_DIR}/${FRAMEWORKS_FOLDER_PATH}/AFNetworking.framework",
				"${TARGET_BUILD_DIR}/${FRAMEWORKS_FOLDER_PATH}/SDWebImage.framework",
			);
			runOnlyForDeploymentPostprocessing = 0;
			shellPath = /bin/sh;
			shellScript = "\"${SRCROOT}/Pods/Target Support Files/Pods-SweetyFit/Pods-SweetyFit-frameworks.sh\"\n";
			showEnvVarsInLog = 0;
		};
/* End PBXShellScriptBuildPhase section */

/* Begin PBXSourcesBuildPhase section */
		C6BE9DB21FD9173B00569EC9 /* Sources */ = {
			isa = PBXSourcesBuildPhase;
			buildActionMask = 2147483647;
			files = (
				C65D0C80200CD7D0007BF294 /* UIButton+DoraButtonUI.m in Sources */,
				C6BE9E151FDFABBA00569EC9 /* DoraPersonalViewController.m in Sources */,
				C6265B932010E65E006F5D55 /* DoraExerciseTableCellData.m in Sources */,
				C6F2171A205B735B00BB0F60 /* DoraActionSettingView.m in Sources */,
				C601E21B20121FC1001147DF /* DoraFoodTableCellData.m in Sources */,
				C65D0C7D200C7F5E007BF294 /* DoraExercisePointView.m in Sources */,
				93015BF720124BBB0001FDD5 /* DoraFoodTableViewCell.m in Sources */,
				C60AA878200F344700967176 /* DoraRecomFoodContentWrapperView.m in Sources */,
				9340ABAF204C2CA400EEFBD0 /* DayAxisValueFormatter.m in Sources */,
				C6265B992010E6DA006F5D55 /* DoraExerciseTableCellButtonData.m in Sources */,
				C62E41C82043C17A00275D0A /* DoraSigninInfoViewController.m in Sources */,
				9350351C20446570001331D0 /* DoraPersonalProfile.m in Sources */,
				C6BE9DBE1FD9173B00569EC9 /* AppDelegate.m in Sources */,
				C65D0C742008DD74007BF294 /* UIScrollView+DoraScrollUI.m in Sources */,
				C6BA1B512000C79C00F163B8 /* UIImageView+ImageViewUI.m in Sources */,
				C6265B8D2010AC40006F5D55 /* DoraExerciseTableViewCell.m in Sources */,
				C601E21820121FAB001147DF /* DoraFoodTableSectionData.m in Sources */,
				C62E41C52043AD5600275D0A /* DoraLoginNetWorking.m in Sources */,
				C6BA1B4D2000C3A100F163B8 /* DoraUIRecomBonus.m in Sources */,
				9392500B205D6E3800A51575 /* DoraPersonalDataModel.m in Sources */,
				C601E21520121C24001147DF /* DoraFoodViewController.m in Sources */,
				C6C6BD221FED3BC9001A98B2 /* DoraUIScrollViewRecomWrapper.m in Sources */,
				C63EC782204292D900C70D24 /* DoraSignInViewController.m in Sources */,
				9350351D20446570001331D0 /* DoraPersonalSuggestion.m in Sources */,
				C6E63F8220517B64004FBA34 /* DoraFoodRecomViewController.m in Sources */,
				C6E0806720526EE000E72F1B /* DoraExerciseDataViewController.m in Sources */,
				C62E41BC204398CB00275D0A /* UITextField+DoraLoginInput.m in Sources */,
				C6A49A66206915D100405B39 /* DoraExerciseActionShowController.m in Sources */,
				C6A49A612069023700405B39 /* DoraExerciseButtonWrapper.m in Sources */,
				C63EC77920428A2900C70D24 /* UIButton+DoraLoginButtonView.m in Sources */,
				C6BE9E0C1FDF8BAA00569EC9 /* DoraRecomViewController.m in Sources */,
				C68BA783200E32A70092DAC4 /* DoraRecomFoodUnitView.m in Sources */,
				C6BE9E021FDBA77200569EC9 /* DoraRootNavigationViewController.m in Sources */,
				C6FB2FBF1FFF688D000E194A /* UILabel+TextUI.m in Sources */,
				93F10F23201309470012E14B /* DoraPersonalTableCell.m in Sources */,
				C62E41C22043A9E900275D0A /* NSString+MD5.m in Sources */,
				C6B67FD6204FCEB50090CD1D /* DoraExerciseRecomViewController.m in Sources */,
				C60AA87B200F776800967176 /* DoraExerciseViewController.m in Sources */,
				C65D0C7A200C7889007BF294 /* UIView+DoraViewUI.m in Sources */,
				C62E41CE2043E91C00275D0A /* UIView+DoraLoginGetInfoQueView.m in Sources */,
				9340ABA0204C102800EEFBD0 /* DoraChartsHeaderBridge.swift in Sources */,
				C6BE9DBB1FD9173B00569EC9 /* main.m in Sources */,
				C601E2122011C50A001147DF /* DoraExericiseTableViewCellButton.m in Sources */,
				C63EC77620427E7D00C70D24 /* DoraLoginViewController.m in Sources */,
				C6265B902010E5AA006F5D55 /* DoraExerciseTableSectionData.m in Sources */,
				C63EC77C20428F4C00C70D24 /* DoraLoginSubViewController.m in Sources */,
				9350351B20446570001331D0 /* DoraPersonalHistory.m in Sources */,
			);
			runOnlyForDeploymentPostprocessing = 0;
		};
		C6BE9DCB1FD9173B00569EC9 /* Sources */ = {
			isa = PBXSourcesBuildPhase;
			buildActionMask = 2147483647;
			files = (
				C6BE9DD41FD9173B00569EC9 /* SweetyFitTests.m in Sources */,
			);
			runOnlyForDeploymentPostprocessing = 0;
		};
		C6BE9DD61FD9173B00569EC9 /* Sources */ = {
			isa = PBXSourcesBuildPhase;
			buildActionMask = 2147483647;
			files = (
				C6BE9DDF1FD9173B00569EC9 /* SweetyFitUITests.m in Sources */,
			);
			runOnlyForDeploymentPostprocessing = 0;
		};
/* End PBXSourcesBuildPhase section */

/* Begin PBXTargetDependency section */
		C6BE9DD11FD9173B00569EC9 /* PBXTargetDependency */ = {
			isa = PBXTargetDependency;
			target = C6BE9DB51FD9173B00569EC9 /* SweetyFit */;
			targetProxy = C6BE9DD01FD9173B00569EC9 /* PBXContainerItemProxy */;
		};
		C6BE9DDC1FD9173B00569EC9 /* PBXTargetDependency */ = {
			isa = PBXTargetDependency;
			target = C6BE9DB51FD9173B00569EC9 /* SweetyFit */;
			targetProxy = C6BE9DDB1FD9173B00569EC9 /* PBXContainerItemProxy */;
		};
/* End PBXTargetDependency section */

/* Begin PBXVariantGroup section */
		C6BE9DC21FD9173B00569EC9 /* Main.storyboard */ = {
			isa = PBXVariantGroup;
			children = (
				C6BE9DC31FD9173B00569EC9 /* Base */,
			);
			name = Main.storyboard;
			sourceTree = "<group>";
		};
		C6BE9DC71FD9173B00569EC9 /* LaunchScreen.storyboard */ = {
			isa = PBXVariantGroup;
			children = (
				C6BE9DC81FD9173B00569EC9 /* Base */,
			);
			name = LaunchScreen.storyboard;
			sourceTree = "<group>";
		};
/* End PBXVariantGroup section */

/* Begin XCBuildConfiguration section */
		C6BE9DE11FD9173B00569EC9 /* Debug */ = {
			isa = XCBuildConfiguration;
			buildSettings = {
				ALWAYS_SEARCH_USER_PATHS = NO;
				CLANG_ANALYZER_NONNULL = YES;
				CLANG_CXX_LANGUAGE_STANDARD = "gnu++0x";
				CLANG_CXX_LIBRARY = "libc++";
				CLANG_ENABLE_MODULES = YES;
				CLANG_ENABLE_OBJC_ARC = YES;
				CLANG_WARN_BLOCK_CAPTURE_AUTORELEASING = YES;
				CLANG_WARN_BOOL_CONVERSION = YES;
				CLANG_WARN_COMMA = YES;
				CLANG_WARN_CONSTANT_CONVERSION = YES;
				CLANG_WARN_DIRECT_OBJC_ISA_USAGE = YES_ERROR;
				CLANG_WARN_DOCUMENTATION_COMMENTS = YES;
				CLANG_WARN_EMPTY_BODY = YES;
				CLANG_WARN_ENUM_CONVERSION = YES;
				CLANG_WARN_INFINITE_RECURSION = YES;
				CLANG_WARN_INT_CONVERSION = YES;
				CLANG_WARN_NON_LITERAL_NULL_CONVERSION = YES;
				CLANG_WARN_OBJC_LITERAL_CONVERSION = YES;
				CLANG_WARN_OBJC_ROOT_CLASS = YES_ERROR;
				CLANG_WARN_RANGE_LOOP_ANALYSIS = YES;
				CLANG_WARN_STRICT_PROTOTYPES = YES;
				CLANG_WARN_SUSPICIOUS_MOVE = YES;
				CLANG_WARN_UNREACHABLE_CODE = YES;
				CLANG_WARN__DUPLICATE_METHOD_MATCH = YES;
				"CODE_SIGN_IDENTITY[sdk=iphoneos*]" = "iPhone Developer";
				COPY_PHASE_STRIP = NO;
				DEBUG_ACTIVITY_MODE = "";
				"DEBUG_ACTIVITY_MODE[sdk=iphonesimulator*]" = default;
				DEBUG_INFORMATION_FORMAT = dwarf;
				ENABLE_STRICT_OBJC_MSGSEND = YES;
				ENABLE_TESTABILITY = YES;
				GCC_C_LANGUAGE_STANDARD = gnu99;
				GCC_DYNAMIC_NO_PIC = NO;
				GCC_INCREASE_PRECOMPILED_HEADER_SHARING = NO;
				GCC_NO_COMMON_BLOCKS = YES;
				GCC_OPTIMIZATION_LEVEL = 0;
				GCC_PRECOMPILE_PREFIX_HEADER = NO;
				GCC_PREFIX_HEADER = "/Users/duozhao/Desktop/Final Year Project/SweetyFit/SweetyFit/PrefixHeader.pch";
				GCC_PREPROCESSOR_DEFINITIONS = (
					"DEBUG=1",
					"$(inherited)",
				);
				GCC_WARN_64_TO_32_BIT_CONVERSION = YES;
				GCC_WARN_ABOUT_RETURN_TYPE = YES_ERROR;
				GCC_WARN_UNDECLARED_SELECTOR = YES;
				GCC_WARN_UNINITIALIZED_AUTOS = YES_AGGRESSIVE;
				GCC_WARN_UNUSED_FUNCTION = YES;
				GCC_WARN_UNUSED_VARIABLE = YES;
				IPHONEOS_DEPLOYMENT_TARGET = 11.2;
				MTL_ENABLE_DEBUG_INFO = YES;
				ONLY_ACTIVE_ARCH = YES;
				SDKROOT = iphoneos;
			};
			name = Debug;
		};
		C6BE9DE21FD9173B00569EC9 /* Release */ = {
			isa = XCBuildConfiguration;
			buildSettings = {
				ALWAYS_SEARCH_USER_PATHS = NO;
				CLANG_ANALYZER_NONNULL = YES;
				CLANG_CXX_LANGUAGE_STANDARD = "gnu++0x";
				CLANG_CXX_LIBRARY = "libc++";
				CLANG_ENABLE_MODULES = YES;
				CLANG_ENABLE_OBJC_ARC = YES;
				CLANG_WARN_BLOCK_CAPTURE_AUTORELEASING = YES;
				CLANG_WARN_BOOL_CONVERSION = YES;
				CLANG_WARN_COMMA = YES;
				CLANG_WARN_CONSTANT_CONVERSION = YES;
				CLANG_WARN_DIRECT_OBJC_ISA_USAGE = YES_ERROR;
				CLANG_WARN_DOCUMENTATION_COMMENTS = YES;
				CLANG_WARN_EMPTY_BODY = YES;
				CLANG_WARN_ENUM_CONVERSION = YES;
				CLANG_WARN_INFINITE_RECURSION = YES;
				CLANG_WARN_INT_CONVERSION = YES;
				CLANG_WARN_NON_LITERAL_NULL_CONVERSION = YES;
				CLANG_WARN_OBJC_LITERAL_CONVERSION = YES;
				CLANG_WARN_OBJC_ROOT_CLASS = YES_ERROR;
				CLANG_WARN_RANGE_LOOP_ANALYSIS = YES;
				CLANG_WARN_STRICT_PROTOTYPES = YES;
				CLANG_WARN_SUSPICIOUS_MOVE = YES;
				CLANG_WARN_UNREACHABLE_CODE = YES;
				CLANG_WARN__DUPLICATE_METHOD_MATCH = YES;
				"CODE_SIGN_IDENTITY[sdk=iphoneos*]" = "iPhone Developer";
				COPY_PHASE_STRIP = NO;
				DEBUG_ACTIVITY_MODE = "";
				DEBUG_INFORMATION_FORMAT = "dwarf-with-dsym";
				ENABLE_NS_ASSERTIONS = NO;
				ENABLE_STRICT_OBJC_MSGSEND = YES;
				GCC_C_LANGUAGE_STANDARD = gnu99;
				GCC_INCREASE_PRECOMPILED_HEADER_SHARING = NO;
				GCC_NO_COMMON_BLOCKS = YES;
				GCC_PRECOMPILE_PREFIX_HEADER = NO;
				GCC_PREFIX_HEADER = "/Users/duozhao/Desktop/Final Year Project/SweetyFit/SweetyFit/PrefixHeader.pch";
				GCC_WARN_64_TO_32_BIT_CONVERSION = YES;
				GCC_WARN_ABOUT_RETURN_TYPE = YES_ERROR;
				GCC_WARN_UNDECLARED_SELECTOR = YES;
				GCC_WARN_UNINITIALIZED_AUTOS = YES_AGGRESSIVE;
				GCC_WARN_UNUSED_FUNCTION = YES;
				GCC_WARN_UNUSED_VARIABLE = YES;
				IPHONEOS_DEPLOYMENT_TARGET = 11.2;
				MTL_ENABLE_DEBUG_INFO = NO;
				SDKROOT = iphoneos;
				VALIDATE_PRODUCT = YES;
			};
			name = Release;
		};
		C6BE9DE41FD9173B00569EC9 /* Debug */ = {
			isa = XCBuildConfiguration;
			baseConfigurationReference = 4477141D17F1DC1C5560779E /* Pods-SweetyFit.debug.xcconfig */;
			buildSettings = {
				ALWAYS_EMBED_SWIFT_STANDARD_LIBRARIES = YES;
				ASSETCATALOG_COMPILER_APPICON_NAME = AppIcon;
				CLANG_ENABLE_MODULES = YES;
				CODE_SIGN_ENTITLEMENTS = SweetyFit/SweetyFit.entitlements;
				DEVELOPMENT_TEAM = XU79TY472J;
				GCC_PREFIX_HEADER = "";
				INFOPLIST_FILE = SweetyFit/Info.plist;
				LD_RUNPATH_SEARCH_PATHS = "$(inherited) @executable_path/Frameworks";
				PRODUCT_BUNDLE_IDENTIFIER = Dora.SweetyFit;
				PRODUCT_NAME = "$(TARGET_NAME)";
				SWIFT_OBJC_BRIDGING_HEADER = "SweetyFit/SweetyFit-Bridging-Header.h";
				SWIFT_OPTIMIZATION_LEVEL = "-Onone";
				SWIFT_VERSION = 3.0;
			};
			name = Debug;
		};
		C6BE9DE51FD9173B00569EC9 /* Release */ = {
			isa = XCBuildConfiguration;
			baseConfigurationReference = DE1E02CD8D2EDC507BDF22A4 /* Pods-SweetyFit.release.xcconfig */;
			buildSettings = {
				ALWAYS_EMBED_SWIFT_STANDARD_LIBRARIES = YES;
				ASSETCATALOG_COMPILER_APPICON_NAME = AppIcon;
				CLANG_ENABLE_MODULES = YES;
				CODE_SIGN_ENTITLEMENTS = SweetyFit/SweetyFit.entitlements;
				DEVELOPMENT_TEAM = XU79TY472J;
				GCC_PREFIX_HEADER = "";
				INFOPLIST_FILE = SweetyFit/Info.plist;
				LD_RUNPATH_SEARCH_PATHS = "$(inherited) @executable_path/Frameworks";
				PRODUCT_BUNDLE_IDENTIFIER = Dora.SweetyFit;
				PRODUCT_NAME = "$(TARGET_NAME)";
				SWIFT_OBJC_BRIDGING_HEADER = "SweetyFit/SweetyFit-Bridging-Header.h";
				SWIFT_VERSION = 3.0;
			};
			name = Release;
		};
		C6BE9DE71FD9173B00569EC9 /* Debug */ = {
			isa = XCBuildConfiguration;
			buildSettings = {
				ALWAYS_EMBED_SWIFT_STANDARD_LIBRARIES = YES;
				BUNDLE_LOADER = "$(TEST_HOST)";
				DEVELOPMENT_TEAM = XU79TY472J;
				INFOPLIST_FILE = SweetyFitTests/Info.plist;
				LD_RUNPATH_SEARCH_PATHS = "$(inherited) @executable_path/Frameworks @loader_path/Frameworks";
				PRODUCT_BUNDLE_IDENTIFIER = Dora.SweetyFitTests;
				PRODUCT_NAME = "$(TARGET_NAME)";
				TEST_HOST = "$(BUILT_PRODUCTS_DIR)/SweetyFit.app/SweetyFit";
			};
			name = Debug;
		};
		C6BE9DE81FD9173B00569EC9 /* Release */ = {
			isa = XCBuildConfiguration;
			buildSettings = {
				ALWAYS_EMBED_SWIFT_STANDARD_LIBRARIES = YES;
				BUNDLE_LOADER = "$(TEST_HOST)";
				DEVELOPMENT_TEAM = XU79TY472J;
				INFOPLIST_FILE = SweetyFitTests/Info.plist;
				LD_RUNPATH_SEARCH_PATHS = "$(inherited) @executable_path/Frameworks @loader_path/Frameworks";
				PRODUCT_BUNDLE_IDENTIFIER = Dora.SweetyFitTests;
				PRODUCT_NAME = "$(TARGET_NAME)";
				TEST_HOST = "$(BUILT_PRODUCTS_DIR)/SweetyFit.app/SweetyFit";
			};
			name = Release;
		};
		C6BE9DEA1FD9173B00569EC9 /* Debug */ = {
			isa = XCBuildConfiguration;
			buildSettings = {
				ALWAYS_EMBED_SWIFT_STANDARD_LIBRARIES = YES;
				DEVELOPMENT_TEAM = XU79TY472J;
				INFOPLIST_FILE = SweetyFitUITests/Info.plist;
				LD_RUNPATH_SEARCH_PATHS = "$(inherited) @executable_path/Frameworks @loader_path/Frameworks";
				PRODUCT_BUNDLE_IDENTIFIER = Dora.SweetyFitUITests;
				PRODUCT_NAME = "$(TARGET_NAME)";
				TEST_TARGET_NAME = SweetyFit;
			};
			name = Debug;
		};
		C6BE9DEB1FD9173B00569EC9 /* Release */ = {
			isa = XCBuildConfiguration;
			buildSettings = {
				ALWAYS_EMBED_SWIFT_STANDARD_LIBRARIES = YES;
				DEVELOPMENT_TEAM = XU79TY472J;
				INFOPLIST_FILE = SweetyFitUITests/Info.plist;
				LD_RUNPATH_SEARCH_PATHS = "$(inherited) @executable_path/Frameworks @loader_path/Frameworks";
				PRODUCT_BUNDLE_IDENTIFIER = Dora.SweetyFitUITests;
				PRODUCT_NAME = "$(TARGET_NAME)";
				TEST_TARGET_NAME = SweetyFit;
			};
			name = Release;
		};
/* End XCBuildConfiguration section */

/* Begin XCConfigurationList section */
		C6BE9DB11FD9173A00569EC9 /* Build configuration list for PBXProject "SweetyFit" */ = {
			isa = XCConfigurationList;
			buildConfigurations = (
				C6BE9DE11FD9173B00569EC9 /* Debug */,
				C6BE9DE21FD9173B00569EC9 /* Release */,
			);
			defaultConfigurationIsVisible = 0;
			defaultConfigurationName = Release;
		};
		C6BE9DE31FD9173B00569EC9 /* Build configuration list for PBXNativeTarget "SweetyFit" */ = {
			isa = XCConfigurationList;
			buildConfigurations = (
				C6BE9DE41FD9173B00569EC9 /* Debug */,
				C6BE9DE51FD9173B00569EC9 /* Release */,
			);
			defaultConfigurationIsVisible = 0;
			defaultConfigurationName = Release;
		};
		C6BE9DE61FD9173B00569EC9 /* Build configuration list for PBXNativeTarget "SweetyFitTests" */ = {
			isa = XCConfigurationList;
			buildConfigurations = (
				C6BE9DE71FD9173B00569EC9 /* Debug */,
				C6BE9DE81FD9173B00569EC9 /* Release */,
			);
			defaultConfigurationIsVisible = 0;
			defaultConfigurationName = Release;
		};
		C6BE9DE91FD9173B00569EC9 /* Build configuration list for PBXNativeTarget "SweetyFitUITests" */ = {
			isa = XCConfigurationList;
			buildConfigurations = (
				C6BE9DEA1FD9173B00569EC9 /* Debug */,
				C6BE9DEB1FD9173B00569EC9 /* Release */,
			);
			defaultConfigurationIsVisible = 0;
			defaultConfigurationName = Release;
		};
/* End XCConfigurationList section */
	};
	rootObject = C6BE9DAE1FD9173A00569EC9 /* Project object */;
}
